
Microsoft Visual Studio Solution File, Format Version 12.00
# Visual Studio 15
VisualStudioVersion = 15.0.33919.361
MinimumVisualStudioVersion = 10.0.40219.1
Project("{FAE04EC0-301F-11D3-BF4B-00C04F79EFBC}") = "ConsoleApp1", "ConsoleApp1\ConsoleApp1.csproj", "{1292FB7D-43A3-4FC3-B97C-FB07AE4724FB}"
EndProject
Global
	GlobalSection(SolutionConfigurationPlatforms) = preSolution
		Debug|Any CPU = Debug|Any CPU
		Release|Any CPU = Release|Any CPU
	EndGlobalSection
	GlobalSection(ProjectConfigurationPlatforms) = postSolution
		{1292FB7D-43A3-4FC3-B97C-FB07AE4724FB}.Debug|Any CPU.ActiveCfg = Debug|Any CPU
		{1292FB7D-43A3-4FC3-B97C-FB07AE4724FB}.Debug|Any CPU.Build.0 = Debug|Any CPU
		{1292FB7D-43A3-4FC3-B97C-FB07AE4724FB}.Release|Any CPU.ActiveCfg = Release|Any CPU
		{1292FB7D-43A3-4FC3-B97C-FB07AE4724FB}.Release|Any CPU.Build.0 = Release|Any CPU
	EndGlobalSection
	GlobalSection(SolutionProperties) = preSolution
		HideSolutionNode = FALSE
	EndGlobalSection
	GlobalSection(ExtensibilityGlobals) = postSolution
		SolutionGuid = {01097718-F1F7-4779-A191-A23AB468C179}
	EndGlobalSection
EndGlobal
